
Microsoft Visual Studio Solution File, Format Version 12.00
# Visual Studio 14
VisualStudioVersion = 14.0.25420.1
MinimumVisualStudioVersion = 10.0.40219.1
Project("{FAE04EC0-301F-11D3-BF4B-00C04F79EFBC}") = "Retv2.Domain", "Retv2.Domain\Retv2.Domain.csproj", "{637C3939-FD2B-4650-8E61-AE05C62B3C9B}"
EndProject
Project("{FAE04EC0-301F-11D3-BF4B-00C04F79EFBC}") = "Retv2.API", "Retv2.API\Retv2.API.csproj", "{A75B5FF8-D8B0-478E-BCE7-8117F9F37A12}"
EndProject
Project("{FAE04EC0-301F-11D3-BF4B-00C04F79EFBC}") = "Retv2.API.Tests", "Retv2.API.Tests\Retv2.API.Tests.csproj", "{F2667DEC-4E3D-45BB-A2C3-37CCABFB929B}"
EndProject
Global
	GlobalSection(SolutionConfigurationPlatforms) = preSolution
		Debug|Any CPU = Debug|Any CPU
		Release|Any CPU = Release|Any CPU
	EndGlobalSection
	GlobalSection(ProjectConfigurationPlatforms) = postSolution
		{637C3939-FD2B-4650-8E61-AE05C62B3C9B}.Debug|Any CPU.ActiveCfg = Debug|Any CPU
		{637C3939-FD2B-4650-8E61-AE05C62B3C9B}.Debug|Any CPU.Build.0 = Debug|Any CPU
		{637C3939-FD2B-4650-8E61-AE05C62B3C9B}.Release|Any CPU.ActiveCfg = Release|Any CPU
		{637C3939-FD2B-4650-8E61-AE05C62B3C9B}.Release|Any CPU.Build.0 = Release|Any CPU
		{A75B5FF8-D8B0-478E-BCE7-8117F9F37A12}.Debug|Any CPU.ActiveCfg = Debug|Any CPU
		{A75B5FF8-D8B0-478E-BCE7-8117F9F37A12}.Debug|Any CPU.Build.0 = Debug|Any CPU
		{A75B5FF8-D8B0-478E-BCE7-8117F9F37A12}.Release|Any CPU.ActiveCfg = Release|Any CPU
		{A75B5FF8-D8B0-478E-BCE7-8117F9F37A12}.Release|Any CPU.Build.0 = Release|Any CPU
		{F2667DEC-4E3D-45BB-A2C3-37CCABFB929B}.Debug|Any CPU.ActiveCfg = Debug|Any CPU
		{F2667DEC-4E3D-45BB-A2C3-37CCABFB929B}.Debug|Any CPU.Build.0 = Debug|Any CPU
		{F2667DEC-4E3D-45BB-A2C3-37CCABFB929B}.Release|Any CPU.ActiveCfg = Release|Any CPU
		{F2667DEC-4E3D-45BB-A2C3-37CCABFB929B}.Release|Any CPU.Build.0 = Release|Any CPU
	EndGlobalSection
	GlobalSection(SolutionProperties) = preSolution
		HideSolutionNode = FALSE
	EndGlobalSection
EndGlobal
